// !$*UTF8*$!
{
	archiveVersion = 1;
	classes = {
	};
	objectVersion = 77;
	objects = {

/* Begin PBXContainerItemProxy section */
		434FE6B52CF7369400A9AABD /* PBXContainerItemProxy */ = {
			isa = PBXContainerItemProxy;
			containerPortal = 434FE6962CF7369000A9AABD /* Project object */;
			proxyType = 1;
			remoteGlobalIDString = 434FE69D2CF7369000A9AABD;
			remoteInfo = SampleQizu;
		};
		434FE6BF2CF7369400A9AABD /* PBXContainerItemProxy */ = {
			isa = PBXContainerItemProxy;
			containerPortal = 434FE6962CF7369000A9AABD /* Project object */;
			proxyType = 1;
			remoteGlobalIDString = 434FE69D2CF7369000A9AABD;
			remoteInfo = SampleQizu;
		};
/* End PBXContainerItemProxy section */

/* Begin PBXFileReference section */
		434FE69E2CF7369000A9AABD /* SampleQizu.app */ = {isa = PBXFileReference; explicitFileType = wrapper.application; includeInIndex = 0; path = SampleQizu.app; sourceTree = BUILT_PRODUCTS_DIR; };
		434FE6B42CF7369400A9AABD /* SampleQizuTests.xctest */ = {isa = PBXFileReference; explicitFileType = wrapper.cfbundle; includeInIndex = 0; path = SampleQizuTests.xctest; sourceTree = BUILT_PRODUCTS_DIR; };
		434FE6BE2CF7369400A9AABD /* SampleQizuUITests.xctest */ = {isa = PBXFileReference; explicitFileType = wrapper.cfbundle; includeInIndex = 0; path = SampleQizuUITests.xctest; sourceTree = BUILT_PRODUCTS_DIR; };
/* End PBXFileReference section */

/* Begin PBXFileSystemSynchronizedBuildFileExceptionSet section */
		434FE6C62CF7369400A9AABD /* Exceptions for "SampleQizu" folder in "SampleQizu" target */ = {
			isa = PBXFileSystemSynchronizedBuildFileExceptionSet;
			membershipExceptions = (
				Info.plist,
			);
			target = 434FE69D2CF7369000A9AABD /* SampleQizu */;
		};
/* End PBXFileSystemSynchronizedBuildFileExceptionSet section */

/* Begin PBXFileSystemSynchronizedRootGroup section */
		434FE6A02CF7369000A9AABD /* SampleQizu */ = {
			isa = PBXFileSystemSynchronizedRootGroup;
			exceptions = (
				434FE6C62CF7369400A9AABD /* Exceptions for "SampleQizu" folder in "SampleQizu" target */,
			);
			path = SampleQizu;
			sourceTree = "<group>";
		};
		434FE6B72CF7369400A9AABD /* SampleQizuTests */ = {
			isa = PBXFileSystemSynchronizedRootGroup;
			path = SampleQizuTests;
			sourceTree = "<group>";
		};
		434FE6C12CF7369400A9AABD /* SampleQizuUITests */ = {
			isa = PBXFileSystemSynchronizedRootGroup;
			path = SampleQizuUITests;
			sourceTree = "<group>";
		};
/* End PBXFileSystemSynchronizedRootGroup section */

/* Begin PBXFrameworksBuildPhase section */
		434FE69B2CF7369000A9AABD /* Frameworks */ = {
			isa = PBXFrameworksBuildPhase;
			buildActionMask = 2147483647;
			files = (
			);
			runOnlyForDeploymentPostprocessing = 0;
		};
		434FE6B12CF7369400A9AABD /* Frameworks */ = {
			isa = PBXFrameworksBuildPhase;
			buildActionMask = 2147483647;
			files = (
			);
			runOnlyForDeploymentPostprocessing = 0;
		};
		434FE6BB2CF7369400A9AABD /* Frameworks */ = {
			isa = PBXFrameworksBuildPhase;
			buildActionMask = 2147483647;
			files = (
			);
			runOnlyForDeploymentPostprocessing = 0;
		};
/* End PBXFrameworksBuildPhase section */

/* Begin PBXGroup section */
		434FE6952CF7369000A9AABD = {
			isa = PBXGroup;
			children = (
				434FE6A02CF7369000A9AABD /* SampleQizu */,
				434FE6B72CF7369400A9AABD /* SampleQizuTests */,
				434FE6C12CF7369400A9AABD /* SampleQizuUITests */,
				434FE69F2CF7369000A9AABD /* Products */,
			);
			sourceTree = "<group>";
		};
		434FE69F2CF7369000A9AABD /* Products */ = {
			isa = PBXGroup;
			children = (
				434FE69E2CF7369000A9AABD /* SampleQizu.app */,
				434FE6B42CF7369400A9AABD /* SampleQizuTests.xctest */,
				434FE6BE2CF7369400A9AABD /* SampleQizuUITests.xctest */,
			);
			name = Products;
			sourceTree = "<group>";
		};
/* End PBXGroup section */

/* Begin PBXNativeTarget section */
		434FE69D2CF7369000A9AABD /* SampleQizu */ = {
			isa = PBXNativeTarget;
			buildConfigurationList = 434FE6C72CF7369400A9AABD /* Build configuration list for PBXNativeTarget "SampleQizu" */;
			buildPhases = (
				434FE69A2CF7369000A9AABD /* Sources */,
				434FE69B2CF7369000A9AABD /* Frameworks */,
				434FE69C2CF7369000A9AABD /* Resources */,
			);
			buildRules = (
			);
			dependencies = (
			);
			fileSystemSynchronizedGroups = (
				434FE6A02CF7369000A9AABD /* SampleQizu */,
			);
			name = SampleQizu;
			packageProductDependencies = (
			);
			productName = SampleQizu;
			productReference = 434FE69E2CF7369000A9AABD /* SampleQizu.app */;
			productType = "com.apple.product-type.application";
		};
		434FE6B32CF7369400A9AABD /* SampleQizuTests */ = {
			isa = PBXNativeTarget;
			buildConfigurationList = 434FE6CC2CF7369400A9AABD /* Build configuration list for PBXNativeTarget "SampleQizuTests" */;
			buildPhases = (
				434FE6B02CF7369400A9AABD /* Sources */,
				434FE6B12CF7369400A9AABD /* Frameworks */,
				434FE6B22CF7369400A9AABD /* Resources */,
			);
			buildRules = (
			);
			dependencies = (
				434FE6B62CF7369400A9AABD /* PBXTargetDependency */,
			);
			fileSystemSynchronizedGroups = (
				434FE6B72CF7369400A9AABD /* SampleQizuTests */,
			);
			name = SampleQizuTests;
			packageProductDependencies = (
			);
			productName = SampleQizuTests;
			productReference = 434FE6B42CF7369400A9AABD /* SampleQizuTests.xctest */;
			productType = "com.apple.product-type.bundle.unit-test";
		};
		434FE6BD2CF7369400A9AABD /* SampleQizuUITests */ = {
			isa = PBXNativeTarget;
			buildConfigurationList = 434FE6CF2CF7369400A9AABD /* Build configuration list for PBXNativeTarget "SampleQizuUITests" */;
			buildPhases = (
				434FE6BA2CF7369400A9AABD /* Sources */,
				434FE6BB2CF7369400A9AABD /* Frameworks */,
				434FE6BC2CF7369400A9AABD /* Resources */,
			);
			buildRules = (
			);
			dependencies = (
				434FE6C02CF7369400A9AABD /* PBXTargetDependency */,
			);
			fileSystemSynchronizedGroups = (
				434FE6C12CF7369400A9AABD /* SampleQizuUITests */,
			);
			name = SampleQizuUITests;
			packageProductDependencies = (
			);
			productName = SampleQizuUITests;
			productReference = 434FE6BE2CF7369400A9AABD /* SampleQizuUITests.xctest */;
			productType = "com.apple.product-type.bundle.ui-testing";
		};
/* End PBXNativeTarget section */

/* Begin PBXProject section */
		434FE6962CF7369000A9AABD /* Project object */ = {
			isa = PBXProject;
			attributes = {
				BuildIndependentTargetsInParallel = 1;
				LastSwiftUpdateCheck = 1610;
				LastUpgradeCheck = 1610;
				TargetAttributes = {
					434FE69D2CF7369000A9AABD = {
						CreatedOnToolsVersion = 16.1;
					};
					434FE6B32CF7369400A9AABD = {
						CreatedOnToolsVersion = 16.1;
						TestTargetID = 434FE69D2CF7369000A9AABD;
					};
					434FE6BD2CF7369400A9AABD = {
						CreatedOnToolsVersion = 16.1;
						TestTargetID = 434FE69D2CF7369000A9AABD;
					};
				};
			};
			buildConfigurationList = 434FE6992CF7369000A9AABD /* Build configuration list for PBXProject "SampleQizu" */;
			developmentRegion = en;
			hasScannedForEncodings = 0;
			knownRegions = (
				en,
				Base,
			);
			mainGroup = 434FE6952CF7369000A9AABD;
			minimizedProjectReferenceProxies = 1;
			preferredProjectObjectVersion = 77;
			productRefGroup = 434FE69F2CF7369000A9AABD /* Products */;
			projectDirPath = "";
			projectRoot = "";
			targets = (
				434FE69D2CF7369000A9AABD /* SampleQizu */,
				434FE6B32CF7369400A9AABD /* SampleQizuTests */,
				434FE6BD2CF7369400A9AABD /* SampleQizuUITests */,
			);
		};
/* End PBXProject section */

/* Begin PBXResourcesBuildPhase section */
		434FE69C2CF7369000A9AABD /* Resources */ = {
			isa = PBXResourcesBuildPhase;
			buildActionMask = 2147483647;
			files = (
			);
			runOnlyForDeploymentPostprocessing = 0;
		};
		434FE6B22CF7369400A9AABD /* Resources */ = {
			isa = PBXResourcesBuildPhase;
			buildActionMask = 2147483647;
			files = (
			);
			runOnlyForDeploymentPostprocessing = 0;
		};
		434FE6BC2CF7369400A9AABD /* Resources */ = {
			isa = PBXResourcesBuildPhase;
			buildActionMask = 2147483647;
			files = (
			);
			runOnlyForDeploymentPostprocessing = 0;
		};
/* End PBXResourcesBuildPhase section */

/* Begin PBXSourcesBuildPhase section */
		434FE69A2CF7369000A9AABD /* Sources */ = {
			isa = PBXSourcesBuildPhase;
			buildActionMask = 2147483647;
			files = (
			);
			runOnlyForDeploymentPostprocessing = 0;
		};
		434FE6B02CF7369400A9AABD /* Sources */ = {
			isa = PBXSourcesBuildPhase;
			buildActionMask = 2147483647;
			files = (
			);
			runOnlyForDeploymentPostprocessing = 0;
		};
		434FE6BA2CF7369400A9AABD /* Sources */ = {
			isa = PBXSourcesBuildPhase;
			buildActionMask = 2147483647;
			files = (
			);
			runOnlyForDeploymentPostprocessing = 0;
		};
/* End PBXSourcesBuildPhase section */

/* Begin PBXTargetDependency section */
		434FE6B62CF7369400A9AABD /* PBXTargetDependency */ = {
			isa = PBXTargetDependency;
			target = 434FE69D2CF7369000A9AABD /* SampleQizu */;
			targetProxy = 434FE6B52CF7369400A9AABD /* PBXContainerItemProxy */;
		};
		434FE6C02CF7369400A9AABD /* PBXTargetDependency */ = {
			isa = PBXTargetDependency;
			target = 434FE69D2CF7369000A9AABD /* SampleQizu */;
			targetProxy = 434FE6BF2CF7369400A9AABD /* PBXContainerItemProxy */;
		};
/* End PBXTargetDependency section */

/* Begin XCBuildConfiguration section */
		434FE6C82CF7369400A9AABD /* Debug */ = {
			isa = XCBuildConfiguration;
			buildSettings = {
				ASSETCATALOG_COMPILER_APPICON_NAME = AppIcon;
				ASSETCATALOG_COMPILER_GLOBAL_ACCENT_COLOR_NAME = AccentColor;
				CODE_SIGN_STYLE = Automatic;
				CURRENT_PROJECT_VERSION = 1;
				GENERATE_INFOPLIST_FILE = YES;
				INFOPLIST_FILE = SampleQizu/Info.plist;
				INFOPLIST_KEY_UIApplicationSupportsIndirectInputEvents = YES;
				INFOPLIST_KEY_UILaunchStoryboardName = LaunchScreen;
				INFOPLIST_KEY_UIMainStoryboardFile = Main;
				INFOPLIST_KEY_UISupportedInterfaceOrientations_iPad = "UIInterfaceOrientationPortrait UIInterfaceOrientationPortraitUpsideDown UIInterfaceOrientationLandscapeLeft UIInterfaceOrientationLandscapeRight";
				INFOPLIST_KEY_UISupportedInterfaceOrientations_iPhone = "UIInterfaceOrientationPortrait UIInterfaceOrientationLandscapeLeft UIInterfaceOrientationLandscapeRight";
				LD_RUNPATH_SEARCH_PATHS = (
					"$(inherited)",
					"@executable_path/Frameworks",
				);
				MARKETING_VERSION = 1.0;
				PRODUCT_BUNDLE_IDENTIFIER = "kyoto-solution.com.SampleQizu";
				PRODUCT_NAME = "$(TARGET_NAME)";
				SWIFT_EMIT_LOC_STRINGS = YES;
				SWIFT_VERSION = 5.0;
				TARGETED_DEVICE_FAMILY = "1,2";
			};
			name = Debug;
		};
		434FE6C92CF7369400A9AABD /* Release */ = {
			isa = XCBuildConfiguration;
			buildSettings = {
				ASSETCATALOG_COMPILER_APPICON_NAME = AppIcon;
				ASSETCATALOG_COMPILER_GLOBAL_ACCENT_COLOR_NAME = AccentColor;
				CODE_SIGN_STYLE = Automatic;
				CURRENT_PROJECT_VERSION = 1;
				GENERATE_INFOPLIST_FILE = YES;
				INFOPLIST_FILE = SampleQizu/Info.plist;
				INFOPLIST_KEY_UIApplicationSupportsIndirectInputEvents = YES;
				INFOPLIST_KEY_UILaunchStoryboardName = LaunchScreen;
				INFOPLIST_KEY_UIMainStoryboardFile = Main;
				INFOPLIST_KEY_UISupportedInterfaceOrientations_iPad = "UIInterfaceOrientationPortrait UIInterfaceOrientationPortraitUpsideDown UIInterfaceOrientationLandscapeLeft UIInterfaceOrientationLandscapeRight";
				INFOPLIST_KEY_UISupportedInterfaceOrientations_iPhone = "UIInterfaceOrientationPortrait UIInterfaceOrientationLandscapeLeft UIInterfaceOrientationLandscapeRight";
				LD_RUNPATH_SEARCH_PATHS = (
					"$(inherited)",
					"@executable_path/Frameworks",
				);
				MARKETING_VERSION = 1.0;
				PRODUCT_BUNDLE_IDENTIFIER = "kyoto-solution.com.SampleQizu";
				PRODUCT_NAME = "$(TARGET_NAME)";
				SWIFT_EMIT_LOC_STRINGS = YES;
				SWIFT_VERSION = 5.0;
				TARGETED_DEVICE_FAMILY = "1,2";
			};
			name = Release;
		};
		434FE6CA2CF7369400A9AABD /* Debug */ = {
			isa = XCBuildConfiguration;
			buildSettings = {
				ALWAYS_SEARCH_USER_PATHS = NO;
				ASSETCATALOG_COMPILER_GENERATE_SWIFT_ASSET_SYMBOL_EXTENSIONS = YES;
				CLANG_ANALYZER_NONNULL = YES;
				CLANG_ANALYZER_NUMBER_OBJECT_CONVERSION = YES_AGGRESSIVE;
				CLANG_CXX_LANGUAGE_STANDARD = "gnu++20";
				CLANG_ENABLE_MODULES = YES;
				CLANG_ENABLE_OBJC_ARC = YES;
				CLANG_ENABLE_OBJC_WEAK = YES;
				CLANG_WARN_BLOCK_CAPTURE_AUTORELEASING = YES;
				CLANG_WARN_BOOL_CONVERSION = YES;
				CLANG_WARN_COMMA = YES;
				CLANG_WARN_CONSTANT_CONVERSION = YES;
				CLANG_WARN_DEPRECATED_OBJC_IMPLEMENTATIONS = YES;
				CLANG_WARN_DIRECT_OBJC_ISA_USAGE = YES_ERROR;
				CLANG_WARN_DOCUMENTATION_COMMENTS = YES;
				CLANG_WARN_EMPTY_BODY = YES;
				CLANG_WARN_ENUM_CONVERSION = YES;
				CLANG_WARN_INFINITE_RECURSION = YES;
				CLANG_WARN_INT_CONVERSION = YES;
				CLANG_WARN_NON_LITERAL_NULL_CONVERSION = YES;
				CLANG_WARN_OBJC_IMPLICIT_RETAIN_SELF = YES;
				CLANG_WARN_OBJC_LITERAL_CONVERSION = YES;
				CLANG_WARN_OBJC_ROOT_CLASS = YES_ERROR;
				CLANG_WARN_QUOTED_INCLUDE_IN_FRAMEWORK_HEADER = YES;
				CLANG_WARN_RANGE_LOOP_ANALYSIS = YES;
				CLANG_WARN_STRICT_PROTOTYPES = YES;
				CLANG_WARN_SUSPICIOUS_MOVE = YES;
				CLANG_WARN_UNGUARDED_AVAILABILITY = YES_AGGRESSIVE;
				CLANG_WARN_UNREACHABLE_CODE = YES;
				CLANG_WARN__DUPLICATE_METHOD_MATCH = YES;
				COPY_PHASE_STRIP = NO;
				DEBUG_INFORMATION_FORMAT = dwarf;
				ENABLE_STRICT_OBJC_MSGSEND = YES;
				ENABLE_TESTABILITY = YES;
				ENABLE_USER_SCRIPT_SANDBOXING = YES;
				GCC_C_LANGUAGE_STANDARD = gnu17;
				GCC_DYNAMIC_NO_PIC = NO;
				GCC_NO_COMMON_BLOCKS = YES;
				GCC_OPTIMIZATION_LEVEL = 0;
				GCC_PREPROCESSOR_DEFINITIONS = (
					"DEBUG=1",
					"$(inherited)",
				);
				GCC_WARN_64_TO_32_BIT_CONVERSION = YES;
				GCC_WARN_ABOUT_RETURN_TYPE = YES_ERROR;
				GCC_WARN_UNDECLARED_SELECTOR = YES;
				GCC_WARN_UNINITIALIZED_AUTOS = YES_AGGRESSIVE;
				GCC_WARN_UNUSED_FUNCTION = YES;
				GCC_WARN_UNUSED_VARIABLE = YES;
				IPHONEOS_DEPLOYMENT_TARGET = 18.1;
				LOCALIZATION_PREFERS_STRING_CATALOGS = YES;
				MTL_ENABLE_DEBUG_INFO = INCLUDE_SOURCE;
				MTL_FAST_MATH = YES;
				ONLY_ACTIVE_ARCH = YES;
				SDKROOT = iphoneos;
				SWIFT_ACTIVE_COMPILATION_CONDITIONS = "DEBUG $(inherited)";
				SWIFT_OPTIMIZATION_LEVEL = "-Onone";
			};
			name = Debug;
		};
		434FE6CB2CF7369400A9AABD /* Release */ = {
			isa = XCBuildConfiguration;
			buildSettings = {
				ALWAYS_SEARCH_USER_PATHS = NO;
				ASSETCATALOG_COMPILER_GENERATE_SWIFT_ASSET_SYMBOL_EXTENSIONS = YES;
				CLANG_ANALYZER_NONNULL = YES;
				CLANG_ANALYZER_NUMBER_OBJECT_CONVERSION = YES_AGGRESSIVE;
				CLANG_CXX_LANGUAGE_STANDARD = "gnu++20";
				CLANG_ENABLE_MODULES = YES;
				CLANG_ENABLE_OBJC_ARC = YES;
				CLANG_ENABLE_OBJC_WEAK = YES;
				CLANG_WARN_BLOCK_CAPTURE_AUTORELEASING = YES;
				CLANG_WARN_BOOL_CONVERSION = YES;
				CLANG_WARN_COMMA = YES;
				CLANG_WARN_CONSTANT_CONVERSION = YES;
				CLANG_WARN_DEPRECATED_OBJC_IMPLEMENTATIONS = YES;
				CLANG_WARN_DIRECT_OBJC_ISA_USAGE = YES_ERROR;
				CLANG_WARN_DOCUMENTATION_COMMENTS = YES;
				CLANG_WARN_EMPTY_BODY = YES;
				CLANG_WARN_ENUM_CONVERSION = YES;
				CLANG_WARN_INFINITE_RECURSION = YES;
				CLANG_WARN_INT_CONVERSION = YES;
				CLANG_WARN_NON_LITERAL_NULL_CONVERSION = YES;
				CLANG_WARN_OBJC_IMPLICIT_RETAIN_SELF = YES;
				CLANG_WARN_OBJC_LITERAL_CONVERSION = YES;
				CLANG_WARN_OBJC_ROOT_CLASS = YES_ERROR;
				CLANG_WARN_QUOTED_INCLUDE_IN_FRAMEWORK_HEADER = YES;
				CLANG_WARN_RANGE_LOOP_ANALYSIS = YES;
				CLANG_WARN_STRICT_PROTOTYPES = YES;
				CLANG_WARN_SUSPICIOUS_MOVE = YES;
				CLANG_WARN_UNGUARDED_AVAILABILITY = YES_AGGRESSIVE;
				CLANG_WARN_UNREACHABLE_CODE = YES;
				CLANG_WARN__DUPLICATE_METHOD_MATCH = YES;
				COPY_PHASE_STRIP = NO;
				DEBUG_INFORMATION_FORMAT = "dwarf-with-dsym";
				ENABLE_NS_ASSERTIONS = NO;
				ENABLE_STRICT_OBJC_MSGSEND = YES;
				ENABLE_USER_SCRIPT_SANDBOXING = YES;
				GCC_C_LANGUAGE_STANDARD = gnu17;
				GCC_NO_COMMON_BLOCKS = YES;
				GCC_WARN_64_TO_32_BIT_CONVERSION = YES;
				GCC_WARN_ABOUT_RETURN_TYPE = YES_ERROR;
				GCC_WARN_UNDECLARED_SELECTOR = YES;
				GCC_WARN_UNINITIALIZED_AUTOS = YES_AGGRESSIVE;
				GCC_WARN_UNUSED_FUNCTION = YES;
				GCC_WARN_UNUSED_VARIABLE = YES;
				IPHONEOS_DEPLOYMENT_TARGET = 18.1;
				LOCALIZATION_PREFERS_STRING_CATALOGS = YES;
				MTL_ENABLE_DEBUG_INFO = NO;
				MTL_FAST_MATH = YES;
				SDKROOT = iphoneos;
				SWIFT_COMPILATION_MODE = wholemodule;
				VALIDATE_PRODUCT = YES;
			};
			name = Release;
		};
		434FE6CD2CF7369400A9AABD /* Debug */ = {
			isa = XCBuildConfiguration;
			buildSettings = {
				BUNDLE_LOADER = "$(TEST_HOST)";
				CODE_SIGN_STYLE = Automatic;
				CURRENT_PROJECT_VERSION = 1;
				GENERATE_INFOPLIST_FILE = YES;
				IPHONEOS_DEPLOYMENT_TARGET = 18.1;
				MARKETING_VERSION = 1.0;
				PRODUCT_BUNDLE_IDENTIFIER = "kyoto-solution.com.SampleQizuTests";
				PRODUCT_NAME = "$(TARGET_NAME)";
				SWIFT_EMIT_LOC_STRINGS = NO;
				SWIFT_VERSION = 5.0;
				TARGETED_DEVICE_FAMILY = "1,2";
				TEST_HOST = "$(BUILT_PRODUCTS_DIR)/SampleQizu.app/$(BUNDLE_EXECUTABLE_FOLDER_PATH)/SampleQizu";
			};
			name = Debug;
		};
		434FE6CE2CF7369400A9AABD /* Release */ = {
			isa = XCBuildConfiguration;
			buildSettings = {
				BUNDLE_LOADER = "$(TEST_HOST)";
				CODE_SIGN_STYLE = Automatic;
				CURRENT_PROJECT_VERSION = 1;
				GENERATE_INFOPLIST_FILE = YES;
				IPHONEOS_DEPLOYMENT_TARGET = 18.1;
				MARKETING_VERSION = 1.0;
				PRODUCT_BUNDLE_IDENTIFIER = "kyoto-solution.com.SampleQizuTests";
				PRODUCT_NAME = "$(TARGET_NAME)";
				SWIFT_EMIT_LOC_STRINGS = NO;
				SWIFT_VERSION = 5.0;
				TARGETED_DEVICE_FAMILY = "1,2";
				TEST_HOST = "$(BUILT_PRODUCTS_DIR)/SampleQizu.app/$(BUNDLE_EXECUTABLE_FOLDER_PATH)/SampleQizu";
			};
			name = Release;
		};
		434FE6D02CF7369400A9AABD /* Debug */ = {
			isa = XCBuildConfiguration;
			buildSettings = {
				CODE_SIGN_STYLE = Automatic;
				CURRENT_PROJECT_VERSION = 1;
				GENERATE_INFOPLIST_FILE = YES;
				MARKETING_VERSION = 1.0;
				PRODUCT_BUNDLE_IDENTIFIER = "kyoto-solution.com.SampleQizuUITests";
				PRODUCT_NAME = "$(TARGET_NAME)";
				SWIFT_EMIT_LOC_STRINGS = NO;
				SWIFT_VERSION = 5.0;
				TARGETED_DEVICE_FAMILY = "1,2";
				TEST_TARGET_NAME = SampleQizu;
			};
			name = Debug;
		};
		434FE6D12CF7369400A9AABD /* Release */ = {
			isa = XCBuildConfiguration;
			buildSettings = {
				CODE_SIGN_STYLE = Automatic;
				CURRENT_PROJECT_VERSION = 1;
				GENERATE_INFOPLIST_FILE = YES;
				MARKETING_VERSION = 1.0;
				PRODUCT_BUNDLE_IDENTIFIER = "kyoto-solution.com.SampleQizuUITests";
				PRODUCT_NAME = "$(TARGET_NAME)";
				SWIFT_EMIT_LOC_STRINGS = NO;
				SWIFT_VERSION = 5.0;
				TARGETED_DEVICE_FAMILY = "1,2";
				TEST_TARGET_NAME = SampleQizu;
			};
			name = Release;
		};
/* End XCBuildConfiguration section */

/* Begin XCConfigurationList section */
		434FE6992CF7369000A9AABD /* Build configuration list for PBXProject "SampleQizu" */ = {
			isa = XCConfigurationList;
			buildConfigurations = (
				434FE6CA2CF7369400A9AABD /* Debug */,
				434FE6CB2CF7369400A9AABD /* Release */,
			);
			defaultConfigurationIsVisible = 0;
			defaultConfigurationName = Release;
		};
		434FE6C72CF7369400A9AABD /* Build configuration list for PBXNativeTarget "SampleQizu" */ = {
			isa = XCConfigurationList;
			buildConfigurations = (
				434FE6C82CF7369400A9AABD /* Debug */,
				434FE6C92CF7369400A9AABD /* Release */,
			);
			defaultConfigurationIsVisible = 0;
			defaultConfigurationName = Release;
		};
		434FE6CC2CF7369400A9AABD /* Build configuration list for PBXNativeTarget "SampleQizuTests" */ = {
			isa = XCConfigurationList;
			buildConfigurations = (
				434FE6CD2CF7369400A9AABD /* Debug */,
				434FE6CE2CF7369400A9AABD /* Release */,
			);
			defaultConfigurationIsVisible = 0;
			defaultConfigurationName = Release;
		};
		434FE6CF2CF7369400A9AABD /* Build configuration list for PBXNativeTarget "SampleQizuUITests" */ = {
			isa = XCConfigurationList;
			buildConfigurations = (
				434FE6D02CF7369400A9AABD /* Debug */,
				434FE6D12CF7369400A9AABD /* Release */,
			);
			defaultConfigurationIsVisible = 0;
			defaultConfigurationName = Release;
		};
/* End XCConfigurationList section */
	};
	rootObject = 434FE6962CF7369000A9AABD /* Project object */;
}
